
Microsoft Visual Studio Solution File, Format Version 12.00
# Visual Studio Version 16
VisualStudioVersion = 16.0.29215.179
MinimumVisualStudioVersion = 10.0.40219.1
Project("{8BC9CEB8-8B4A-11D0-8D11-00A0C91BC942}") = "tanyoku", "tanyoku\tanyoku.vcxproj", "{CA39B605-C24C-457B-AEF8-E0646B1DF71E}"
EndProject
Global
	GlobalSection(SolutionConfigurationPlatforms) = preSolution
		Debug|x64 = Debug|x64
		Debug|x86 = Debug|x86
		Release|x64 = Release|x64
		Release|x86 = Release|x86
	EndGlobalSection
	GlobalSection(ProjectConfigurationPlatforms) = postSolution
		{CA39B605-C24C-457B-AEF8-E0646B1DF71E}.Debug|x64.ActiveCfg = Debug|x64
		{CA39B605-C24C-457B-AEF8-E0646B1DF71E}.Debug|x64.Build.0 = Debug|x64
		{CA39B605-C24C-457B-AEF8-E0646B1DF71E}.Debug|x86.ActiveCfg = Debug|Win32
		{CA39B605-C24C-457B-AEF8-E0646B1DF71E}.Debug|x86.Build.0 = Debug|Win32
		{CA39B605-C24C-457B-AEF8-E0646B1DF71E}.Release|x64.ActiveCfg = Release|x64
		{CA39B605-C24C-457B-AEF8-E0646B1DF71E}.Release|x64.Build.0 = Release|x64
		{CA39B605-C24C-457B-AEF8-E0646B1DF71E}.Release|x86.ActiveCfg = Release|Win32
		{CA39B605-C24C-457B-AEF8-E0646B1DF71E}.Release|x86.Build.0 = Release|Win32
	EndGlobalSection
	GlobalSection(SolutionProperties) = preSolution
		HideSolutionNode = FALSE
	EndGlobalSection
	GlobalSection(ExtensibilityGlobals) = postSolution
		SolutionGuid = {31C28468-333D-41D2-A432-5BD8EE6E8720}
	EndGlobalSection
EndGlobal
